
Microsoft Visual Studio Solution File, Format Version 11.00
# Visual Studio 2010
Project("{FAE04EC0-301F-11D3-BF4B-00C04F79EFBC}") = "OmiTests", "OmiTests\OmiTests.csproj", "{CDF12A72-09C4-4886-AE0B-01376AEAADB7}"
EndProject
Global
	GlobalSection(TeamFoundationVersionControl) = preSolution
		SccNumberOfProjects = 2
		SccEnterpriseProvider = {4CA58AB2-18FA-4F8D-95D4-32DDF27D184C}
		SccTeamFoundationServer = http://scxtfs2:8080/tfs/scx
		SccLocalPath0 = .
		SccProjectUniqueName1 = OmiTests\OmiTests.csproj
		SccProjectName1 = OmiTests
		SccLocalPath1 = OmiTests
	EndGlobalSection
	GlobalSection(SolutionConfigurationPlatforms) = preSolution
		Debug|Any CPU = Debug|Any CPU
		Release|Any CPU = Release|Any CPU
	EndGlobalSection
	GlobalSection(ProjectConfigurationPlatforms) = postSolution
		{CDF12A72-09C4-4886-AE0B-01376AEAADB7}.Debug|Any CPU.ActiveCfg = Debug|Any CPU
		{CDF12A72-09C4-4886-AE0B-01376AEAADB7}.Debug|Any CPU.Build.0 = Debug|Any CPU
		{CDF12A72-09C4-4886-AE0B-01376AEAADB7}.Release|Any CPU.ActiveCfg = Release|Any CPU
		{CDF12A72-09C4-4886-AE0B-01376AEAADB7}.Release|Any CPU.Build.0 = Release|Any CPU
	EndGlobalSection
	GlobalSection(SolutionProperties) = preSolution
		HideSolutionNode = FALSE
	EndGlobalSection
EndGlobal
